
Microsoft Visual Studio Solution File, Format Version 12.00
# Visual Studio 15
VisualStudioVersion = 15.0.26124.0
MinimumVisualStudioVersion = 15.0.26124.0
Project("{2150E333-8FDC-42A3-9474-1A3956D46DE8}") = "src", "src", "{070F6CD7-8AC4-4E66-99CF-B53DD4B8CD6A}"
EndProject
Project("{FAE04EC0-301F-11D3-BF4B-00C04F79EFBC}") = "nSense", "src\UnOffSiSenseDotNet\UnOffSiSenseDotNet.csproj", "{2B9EF28E-C57D-48CF-89B7-4BF245DBA476}"
EndProject
Project("{2150E333-8FDC-42A3-9474-1A3956D46DE8}") = "tests", "tests", "{FFF82E8B-0113-4222-BD12-A5D6CA3A8330}"
EndProject
Project("{FAE04EC0-301F-11D3-BF4B-00C04F79EFBC}") = "UnOffSiSenseDotNet.test", "tests\UnOffSiSenseDotNet.test\UnOffSiSenseDotNet.test.csproj", "{7B0F00DB-1870-44D1-ABAA-2305DB9C0538}"
EndProject
Global
	GlobalSection(SolutionConfigurationPlatforms) = preSolution
		Debug|Any CPU = Debug|Any CPU
		Debug|x64 = Debug|x64
		Debug|x86 = Debug|x86
		Release|Any CPU = Release|Any CPU
		Release|x64 = Release|x64
		Release|x86 = Release|x86
	EndGlobalSection
	GlobalSection(SolutionProperties) = preSolution
		HideSolutionNode = FALSE
	EndGlobalSection
	GlobalSection(ProjectConfigurationPlatforms) = postSolution
		{2B9EF28E-C57D-48CF-89B7-4BF245DBA476}.Debug|Any CPU.ActiveCfg = Debug|Any CPU
		{2B9EF28E-C57D-48CF-89B7-4BF245DBA476}.Debug|Any CPU.Build.0 = Debug|Any CPU
		{2B9EF28E-C57D-48CF-89B7-4BF245DBA476}.Debug|x64.ActiveCfg = Debug|Any CPU
		{2B9EF28E-C57D-48CF-89B7-4BF245DBA476}.Debug|x64.Build.0 = Debug|Any CPU
		{2B9EF28E-C57D-48CF-89B7-4BF245DBA476}.Debug|x86.ActiveCfg = Debug|Any CPU
		{2B9EF28E-C57D-48CF-89B7-4BF245DBA476}.Debug|x86.Build.0 = Debug|Any CPU
		{2B9EF28E-C57D-48CF-89B7-4BF245DBA476}.Release|Any CPU.ActiveCfg = Release|Any CPU
		{2B9EF28E-C57D-48CF-89B7-4BF245DBA476}.Release|Any CPU.Build.0 = Release|Any CPU
		{2B9EF28E-C57D-48CF-89B7-4BF245DBA476}.Release|x64.ActiveCfg = Release|Any CPU
		{2B9EF28E-C57D-48CF-89B7-4BF245DBA476}.Release|x64.Build.0 = Release|Any CPU
		{2B9EF28E-C57D-48CF-89B7-4BF245DBA476}.Release|x86.ActiveCfg = Release|Any CPU
		{2B9EF28E-C57D-48CF-89B7-4BF245DBA476}.Release|x86.Build.0 = Release|Any CPU
		{7B0F00DB-1870-44D1-ABAA-2305DB9C0538}.Debug|Any CPU.ActiveCfg = Debug|Any CPU
		{7B0F00DB-1870-44D1-ABAA-2305DB9C0538}.Debug|Any CPU.Build.0 = Debug|Any CPU
		{7B0F00DB-1870-44D1-ABAA-2305DB9C0538}.Debug|x64.ActiveCfg = Debug|Any CPU
		{7B0F00DB-1870-44D1-ABAA-2305DB9C0538}.Debug|x64.Build.0 = Debug|Any CPU
		{7B0F00DB-1870-44D1-ABAA-2305DB9C0538}.Debug|x86.ActiveCfg = Debug|Any CPU
		{7B0F00DB-1870-44D1-ABAA-2305DB9C0538}.Debug|x86.Build.0 = Debug|Any CPU
		{7B0F00DB-1870-44D1-ABAA-2305DB9C0538}.Release|Any CPU.ActiveCfg = Release|Any CPU
		{7B0F00DB-1870-44D1-ABAA-2305DB9C0538}.Release|Any CPU.Build.0 = Release|Any CPU
		{7B0F00DB-1870-44D1-ABAA-2305DB9C0538}.Release|x64.ActiveCfg = Release|Any CPU
		{7B0F00DB-1870-44D1-ABAA-2305DB9C0538}.Release|x64.Build.0 = Release|Any CPU
		{7B0F00DB-1870-44D1-ABAA-2305DB9C0538}.Release|x86.ActiveCfg = Release|Any CPU
		{7B0F00DB-1870-44D1-ABAA-2305DB9C0538}.Release|x86.Build.0 = Release|Any CPU
	EndGlobalSection
	GlobalSection(NestedProjects) = preSolution
		{2B9EF28E-C57D-48CF-89B7-4BF245DBA476} = {070F6CD7-8AC4-4E66-99CF-B53DD4B8CD6A}
		{7B0F00DB-1870-44D1-ABAA-2305DB9C0538} = {FFF82E8B-0113-4222-BD12-A5D6CA3A8330}
	EndGlobalSection
EndGlobal
